# This file is generated by running "yarn install" inside your project.
# Manual changes might be lost - proceed with caution!

__metadata:
  version: 8
  cacheKey: 10c0

"@ioredis/commands@npm:1.4.0":
  version: 1.4.0
  resolution: "@ioredis/commands@npm:1.4.0"
  checksum: 10c0/99afe21fba794f84a2b84cceabcc370a7622e7b8b97a6589456c07c9fa62a15d54c5546f6f7214fb9a2458b1fa87579d5c531aaf48e06cc9be156d5923892c8d
  languageName: node
  linkType: hard

"@tw050x.net.extension/redis-client@workspace:.":
  version: 0.0.0-use.local
  resolution: "@tw050x.net.extension/redis-client@workspace:."
  dependencies:
    "@types/node": "npm:^18.0.0"
    "@types/vscode": "npm:^1.80.0"
    ioredis: "npm:^5.3.0"
    typescript: "npm:^5.0.0"
  languageName: unknown
  linkType: soft

"@types/node@npm:^18.0.0":
  version: 18.19.130
  resolution: "@types/node@npm:18.19.130"
  dependencies:
    undici-types: "npm:~5.26.4"
  checksum: 10c0/22ba2bc9f8863101a7e90a56aaeba1eb3ebdc51e847cef4a6d188967ab1acbce9b4f92251372fd0329ecb924bbf610509e122c3dfe346c04dbad04013d4ad7d0
  languageName: node
  linkType: hard

"@types/vscode@npm:^1.80.0":
  version: 1.106.1
  resolution: "@types/vscode@npm:1.106.1"
  checksum: 10c0/699bb2b1932cf885bc863d1a978eeb07f263150544f56eb7a2b59f4ed521e654f9a5f3357c5b3a45e56af07b876e7936140075ba4a2acaa9641a8ad8e0ab9f05
  languageName: node
  linkType: hard

"cluster-key-slot@npm:^1.1.0":
  version: 1.1.2
  resolution: "cluster-key-slot@npm:1.1.2"
  checksum: 10c0/d7d39ca28a8786e9e801eeb8c770e3c3236a566625d7299a47bb71113fb2298ce1039596acb82590e598c52dbc9b1f088c8f587803e697cb58e1867a95ff94d3
  languageName: node
  linkType: hard

"debug@npm:^4.3.4":
  version: 4.4.3
  resolution: "debug@npm:4.4.3"
  dependencies:
    ms: "npm:^2.1.3"
  peerDependenciesMeta:
    supports-color:
      optional: true
  checksum: 10c0/d79136ec6c83ecbefd0f6a5593da6a9c91ec4d7ddc4b54c883d6e71ec9accb5f67a1a5e96d00a328196b5b5c86d365e98d8a3a70856aaf16b4e7b1985e67f5a6
  languageName: node
  linkType: hard

"denque@npm:^2.1.0":
  version: 2.1.0
  resolution: "denque@npm:2.1.0"
  checksum: 10c0/f9ef81aa0af9c6c614a727cb3bd13c5d7db2af1abf9e6352045b86e85873e629690f6222f4edd49d10e4ccf8f078bbeec0794fafaf61b659c0589d0c511ec363
  languageName: node
  linkType: hard

"ioredis@npm:^5.3.0":
  version: 5.8.2
  resolution: "ioredis@npm:5.8.2"
  dependencies:
    "@ioredis/commands": "npm:1.4.0"
    cluster-key-slot: "npm:^1.1.0"
    debug: "npm:^4.3.4"
    denque: "npm:^2.1.0"
    lodash.defaults: "npm:^4.2.0"
    lodash.isarguments: "npm:^3.1.0"
    redis-errors: "npm:^1.2.0"
    redis-parser: "npm:^3.0.0"
    standard-as-callback: "npm:^2.1.0"
  checksum: 10c0/305e385f811d49908899e32c2de69616cd059f909afd9e0a53e54f596b1a5835ee3449bfc6a3c49afbc5a2fd27990059e316cc78f449c94024957bd34c826d88
  languageName: node
  linkType: hard

"lodash.defaults@npm:^4.2.0":
  version: 4.2.0
  resolution: "lodash.defaults@npm:4.2.0"
  checksum: 10c0/d5b77aeb702caa69b17be1358faece33a84497bcca814897383c58b28a2f8dfc381b1d9edbec239f8b425126a3bbe4916223da2a576bb0411c2cefd67df80707
  languageName: node
  linkType: hard

"lodash.isarguments@npm:^3.1.0":
  version: 3.1.0
  resolution: "lodash.isarguments@npm:3.1.0"
  checksum: 10c0/5e8f95ba10975900a3920fb039a3f89a5a79359a1b5565e4e5b4310ed6ebe64011e31d402e34f577eca983a1fc01ff86c926e3cbe602e1ddfc858fdd353e62d8
  languageName: node
  linkType: hard

"ms@npm:^2.1.3":
  version: 2.1.3
  resolution: "ms@npm:2.1.3"
  checksum: 10c0/d924b57e7312b3b63ad21fc5b3dc0af5e78d61a1fc7cfb5457edaf26326bf62be5307cc87ffb6862ef1c2b33b0233cdb5d4f01c4c958cc0d660948b65a287a48
  languageName: node
  linkType: hard

"redis-errors@npm:^1.0.0, redis-errors@npm:^1.2.0":
  version: 1.2.0
  resolution: "redis-errors@npm:1.2.0"
  checksum: 10c0/5b316736e9f532d91a35bff631335137a4f974927bb2fb42bf8c2f18879173a211787db8ac4c3fde8f75ed6233eb0888e55d52510b5620e30d69d7d719c8b8a7
  languageName: node
  linkType: hard

"redis-parser@npm:^3.0.0":
  version: 3.0.0
  resolution: "redis-parser@npm:3.0.0"
  dependencies:
    redis-errors: "npm:^1.0.0"
  checksum: 10c0/ee16ac4c7b2a60b1f42a2cdaee22b005bd4453eb2d0588b8a4939718997ae269da717434da5d570fe0b05030466eeb3f902a58cf2e8e1ca058bf6c9c596f632f
  languageName: node
  linkType: hard

"standard-as-callback@npm:^2.1.0":
  version: 2.1.0
  resolution: "standard-as-callback@npm:2.1.0"
  checksum: 10c0/012677236e3d3fdc5689d29e64ea8a599331c4babe86956bf92fc5e127d53f85411c5536ee0079c52c43beb0026b5ce7aa1d834dd35dd026e82a15d1bcaead1f
  languageName: node
  linkType: hard

"typescript@npm:^5.0.0":
  version: 5.9.3
  resolution: "typescript@npm:5.9.3"
  bin:
    tsc: bin/tsc
    tsserver: bin/tsserver
  checksum: 10c0/6bd7552ce39f97e711db5aa048f6f9995b53f1c52f7d8667c1abdc1700c68a76a308f579cd309ce6b53646deb4e9a1be7c813a93baaf0a28ccd536a30270e1c5
  languageName: node
  linkType: hard

"typescript@patch:typescript@npm%3A^5.0.0#optional!builtin<compat/typescript>":
  version: 5.9.3
  resolution: "typescript@patch:typescript@npm%3A5.9.3#optional!builtin<compat/typescript>::version=5.9.3&hash=5786d5"
  bin:
    tsc: bin/tsc
    tsserver: bin/tsserver
  checksum: 10c0/ad09fdf7a756814dce65bc60c1657b40d44451346858eea230e10f2e95a289d9183b6e32e5c11e95acc0ccc214b4f36289dcad4bf1886b0adb84d711d336a430
  languageName: node
  linkType: hard

"undici-types@npm:~5.26.4":
  version: 5.26.5
  resolution: "undici-types@npm:5.26.5"
  checksum: 10c0/bb673d7876c2d411b6eb6c560e0c571eef4a01c1c19925175d16e3a30c4c428181fb8d7ae802a261f283e4166a0ac435e2f505743aa9e45d893f9a3df017b501
  languageName: node
  linkType: hard
