# This file is generated by running "yarn install" inside your project.
# Manual changes might be lost - proceed with caution!

__metadata:
  version: 8
  cacheKey: 10c0

"@mongodb-js/saslprep@npm:^1.3.0":
  version: 1.4.0
  resolution: "@mongodb-js/saslprep@npm:1.4.0"
  dependencies:
    sparse-bitfield: "npm:^3.0.3"
  checksum: 10c0/867771c45616fe6b5150603a3981956497b64b16ebc55d5a2f38c5d5ff33ab5365d5ef7a38c473c2a04364d7c464b8762636a759cdc1646e14424e87e9474101
  languageName: node
  linkType: hard

"@tw050x.net.extension/mongo-client@workspace:.":
  version: 0.0.0-use.local
  resolution: "@tw050x.net.extension/mongo-client@workspace:."
  dependencies:
    bson: "npm:^6.10.4"
    mongodb: "npm:^6.16.0"
  languageName: unknown
  linkType: soft

"@types/webidl-conversions@npm:*":
  version: 7.0.3
  resolution: "@types/webidl-conversions@npm:7.0.3"
  checksum: 10c0/ac2ccff93b95ac7c8ca73dc6064403181691bba7ea144296f462dc9108a07be16cbad7b9c704b3df706dcc5a117e1f7bf7fb27aeb75b09c0f3148de8aee11aff
  languageName: node
  linkType: hard

"@types/whatwg-url@npm:^11.0.2":
  version: 11.0.5
  resolution: "@types/whatwg-url@npm:11.0.5"
  dependencies:
    "@types/webidl-conversions": "npm:*"
  checksum: 10c0/7a9b9252dee98df6db1ad62337daca7f59ae50d7a3406d14ac6b57168d406004359994f3371155e24f3cf12002c4cb8bbb0883bd4cefb9d7ee8e2b510bdd7f5e
  languageName: node
  linkType: hard

"bson@npm:^6.10.4":
  version: 6.10.4
  resolution: "bson@npm:6.10.4"
  checksum: 10c0/6c6819ce642516901349f42c5d9d131d5a4e84352a3859c814d4abf6b2b9249e3685b57fc4cf7b5737fb5c71252f65900a41826c1429815a93e43f0f5bb3c173
  languageName: node
  linkType: hard

"memory-pager@npm:^1.0.2":
  version: 1.5.0
  resolution: "memory-pager@npm:1.5.0"
  checksum: 10c0/2596e80c99fee24f05bd8a20cde2ee899012c996f4ec361ac76ed6f009f34149d733ac6f76880106ccd6a66d062ad439357578d383d429df66ba1278f68806e9
  languageName: node
  linkType: hard

"mongodb-connection-string-url@npm:^3.0.2":
  version: 3.0.2
  resolution: "mongodb-connection-string-url@npm:3.0.2"
  dependencies:
    "@types/whatwg-url": "npm:^11.0.2"
    whatwg-url: "npm:^14.1.0 || ^13.0.0"
  checksum: 10c0/8b7ac99634f167dbe690e90fa10528e3ffc029faf2feabf36efb84299a04831130b3dba114dbe132f05a8a38022976904b625976996a4534bca4368e8fa5ba33
  languageName: node
  linkType: hard

"mongodb@npm:^6.16.0":
  version: 6.21.0
  resolution: "mongodb@npm:6.21.0"
  dependencies:
    "@mongodb-js/saslprep": "npm:^1.3.0"
    bson: "npm:^6.10.4"
    mongodb-connection-string-url: "npm:^3.0.2"
  peerDependencies:
    "@aws-sdk/credential-providers": ^3.188.0
    "@mongodb-js/zstd": ^1.1.0 || ^2.0.0
    gcp-metadata: ^5.2.0
    kerberos: ^2.0.1
    mongodb-client-encryption: ">=6.0.0 <7"
    snappy: ^7.3.2
    socks: ^2.7.1
  peerDependenciesMeta:
    "@aws-sdk/credential-providers":
      optional: true
    "@mongodb-js/zstd":
      optional: true
    gcp-metadata:
      optional: true
    kerberos:
      optional: true
    mongodb-client-encryption:
      optional: true
    snappy:
      optional: true
    socks:
      optional: true
  checksum: 10c0/3269316bdba174139e10cb25a1f22a8445beb14f26987d61dba922ddd5784b35b4bec563554da4d1ab180a3c1ff77f092ba858cd3ae3da45e3aaf706ef27a460
  languageName: node
  linkType: hard

"punycode@npm:^2.3.1":
  version: 2.3.1
  resolution: "punycode@npm:2.3.1"
  checksum: 10c0/14f76a8206bc3464f794fb2e3d3cc665ae416c01893ad7a02b23766eb07159144ee612ad67af5e84fa4479ccfe67678c4feb126b0485651b302babf66f04f9e9
  languageName: node
  linkType: hard

"sparse-bitfield@npm:^3.0.3":
  version: 3.0.3
  resolution: "sparse-bitfield@npm:3.0.3"
  dependencies:
    memory-pager: "npm:^1.0.2"
  checksum: 10c0/248c6ff7b5e354735e1daac4059222a29c9d291dfcf265daf675d13515eeaac454cfcccd687c8d134f86698b39abd7ad4d7434f7272dd6f8e41a00f21aae4194
  languageName: node
  linkType: hard

"tr46@npm:^5.1.0":
  version: 5.1.1
  resolution: "tr46@npm:5.1.1"
  dependencies:
    punycode: "npm:^2.3.1"
  checksum: 10c0/ae270e194d52ec67ebd695c1a42876e0f19b96e4aca2ab464ab1d9d17dc3acd3e18764f5034c93897db73421563be27c70c98359c4501136a497e46deda5d5ec
  languageName: node
  linkType: hard

"webidl-conversions@npm:^7.0.0":
  version: 7.0.0
  resolution: "webidl-conversions@npm:7.0.0"
  checksum: 10c0/228d8cb6d270c23b0720cb2d95c579202db3aaf8f633b4e9dd94ec2000a04e7e6e43b76a94509cdb30479bd00ae253ab2371a2da9f81446cc313f89a4213a2c4
  languageName: node
  linkType: hard

"whatwg-url@npm:^14.1.0 || ^13.0.0":
  version: 14.2.0
  resolution: "whatwg-url@npm:14.2.0"
  dependencies:
    tr46: "npm:^5.1.0"
    webidl-conversions: "npm:^7.0.0"
  checksum: 10c0/f746fc2f4c906607d09537de1227b13f9494c171141e5427ed7d2c0dd0b6a48b43d8e71abaae57d368d0c06b673fd8ec63550b32ad5ed64990c7b0266c2b4272
  languageName: node
  linkType: hard
